pkg.safego.dev/hal v0.0.0-20260813133543-34989d2ee58b h1:bl0nLe08KkM2IbkDDu+cEEsf6Ciklf1PVGHG6cjCreY=
pkg.safego.dev/hal v0.0.0-20260813133543-34989d2ee58b/go.mod h1:7/ucqaAW7YORd585dWhZCgVrReBt4jWb/gcrGaC7Mu0=
pkg.safego.dev/rt v0.0.0-20260810093946-29f8792115d6 h1:25LUXFTpkDzd57PXAUluvtiOL762pHv4v0Dz+k1/Z2g=
pkg.safego.dev/rt v0.0.0-20260810093946-29f8792115d6/go.mod h1:PnvKJNjyaqpmalMYawYCpqQqdF3HDetWyO7a3wueQ8A=
